
Microsoft Visual Studio Solution File, Format Version 12.00
# Visual Studio Version 17
VisualStudioVersion = 17.11.35222.181
MinimumVisualStudioVersion = 10.0.40219.1
Project("{FAE04EC0-301F-11D3-BF4B-00C04F79EFBC}") = "BulkyWeb", "BulkyWeb\BulkyWeb.csproj", "{0B0E7A44-9D0E-4CEA-82DF-AD1E8E3D01FE}"
EndProject
Global
	GlobalSection(SolutionConfigurationPlatforms) = preSolution
		Debug|Any CPU = Debug|Any CPU
		Release|Any CPU = Release|Any CPU
	EndGlobalSection
	GlobalSection(ProjectConfigurationPlatforms) = postSolution
		{0B0E7A44-9D0E-4CEA-82DF-AD1E8E3D01FE}.Debug|Any CPU.ActiveCfg = Debug|Any CPU
		{0B0E7A44-9D0E-4CEA-82DF-AD1E8E3D01FE}.Debug|Any CPU.Build.0 = Debug|Any CPU
		{0B0E7A44-9D0E-4CEA-82DF-AD1E8E3D01FE}.Release|Any CPU.ActiveCfg = Release|Any CPU
		{0B0E7A44-9D0E-4CEA-82DF-AD1E8E3D01FE}.Release|Any CPU.Build.0 = Release|Any CPU
	EndGlobalSection
	GlobalSection(SolutionProperties) = preSolution
		HideSolutionNode = FALSE
	EndGlobalSection
	GlobalSection(ExtensibilityGlobals) = postSolution
		SolutionGuid = {BAA269ED-055D-49AE-AB1E-734EC36090B0}
	EndGlobalSection
EndGlobal
